
Microsoft Visual Studio Solution File, Format Version 12.00
# Visual Studio Version 17
VisualStudioVersion = 17.7.34018.315
MinimumVisualStudioVersion = 10.0.40219.1
Project("{9A19103F-16F7-4668-BE54-9A1E7A4F7556}") = "CG.ProgDec.BL.Models", "CG.ProgDec.BL.Models\CG.ProgDec.BL.Models.csproj", "{49A38C03-7C34-4379-86BD-4EDF9CF5AC10}"
EndProject
Project("{00D1A9C2-B5F0-4AF3-8072-F6C62B433612}") = "CG.ProgDec.DB", "CG.ProgDec.DB\CG.ProgDec.DB.sqlproj", "{72398850-CB25-4BB8-8AB6-DDA5A2B0E86B}"
EndProject
Project("{9A19103F-16F7-4668-BE54-9A1E7A4F7556}") = "CG.ProgDec.PL", "CG.ProgDec.PL\CG.ProgDec.PL.csproj", "{6286BCA4-D575-4B69-A79A-8264DA1722FB}"
EndProject
Project("{2150E333-8FDC-42A3-9474-1A3956D46DE8}") = "Solution Items", "Solution Items", "{32CE30F1-BADA-467F-8DE8-644CD2DB8342}"
	ProjectSection(SolutionItems) = preProject
		TextFile1.txt = TextFile1.txt
	EndProjectSection
EndProject
Project("{FAE04EC0-301F-11D3-BF4B-00C04F79EFBC}") = "CG.ProgDec.PL.Test", "CG.ProgDec.PL.Test\CG.ProgDec.PL.Test.csproj", "{44EF464E-72D9-4CEE-9D38-E96187B43182}"
EndProject
Global
	GlobalSection(SolutionConfigurationPlatforms) = preSolution
		Debug|Any CPU = Debug|Any CPU
		Release|Any CPU = Release|Any CPU
	EndGlobalSection
	GlobalSection(ProjectConfigurationPlatforms) = postSolution
		{49A38C03-7C34-4379-86BD-4EDF9CF5AC10}.Debug|Any CPU.ActiveCfg = Debug|Any CPU
		{49A38C03-7C34-4379-86BD-4EDF9CF5AC10}.Debug|Any CPU.Build.0 = Debug|Any CPU
		{49A38C03-7C34-4379-86BD-4EDF9CF5AC10}.Release|Any CPU.ActiveCfg = Release|Any CPU
		{49A38C03-7C34-4379-86BD-4EDF9CF5AC10}.Release|Any CPU.Build.0 = Release|Any CPU
		{72398850-CB25-4BB8-8AB6-DDA5A2B0E86B}.Debug|Any CPU.ActiveCfg = Debug|Any CPU
		{72398850-CB25-4BB8-8AB6-DDA5A2B0E86B}.Debug|Any CPU.Build.0 = Debug|Any CPU
		{72398850-CB25-4BB8-8AB6-DDA5A2B0E86B}.Debug|Any CPU.Deploy.0 = Debug|Any CPU
		{72398850-CB25-4BB8-8AB6-DDA5A2B0E86B}.Release|Any CPU.ActiveCfg = Release|Any CPU
		{72398850-CB25-4BB8-8AB6-DDA5A2B0E86B}.Release|Any CPU.Build.0 = Release|Any CPU
		{72398850-CB25-4BB8-8AB6-DDA5A2B0E86B}.Release|Any CPU.Deploy.0 = Release|Any CPU
		{6286BCA4-D575-4B69-A79A-8264DA1722FB}.Debug|Any CPU.ActiveCfg = Debug|Any CPU
		{6286BCA4-D575-4B69-A79A-8264DA1722FB}.Debug|Any CPU.Build.0 = Debug|Any CPU
		{6286BCA4-D575-4B69-A79A-8264DA1722FB}.Release|Any CPU.ActiveCfg = Release|Any CPU
		{6286BCA4-D575-4B69-A79A-8264DA1722FB}.Release|Any CPU.Build.0 = Release|Any CPU
		{44EF464E-72D9-4CEE-9D38-E96187B43182}.Debug|Any CPU.ActiveCfg = Debug|Any CPU
		{44EF464E-72D9-4CEE-9D38-E96187B43182}.Debug|Any CPU.Build.0 = Debug|Any CPU
		{44EF464E-72D9-4CEE-9D38-E96187B43182}.Release|Any CPU.ActiveCfg = Release|Any CPU
		{44EF464E-72D9-4CEE-9D38-E96187B43182}.Release|Any CPU.Build.0 = Release|Any CPU
	EndGlobalSection
	GlobalSection(SolutionProperties) = preSolution
		HideSolutionNode = FALSE
	EndGlobalSection
	GlobalSection(ExtensibilityGlobals) = postSolution
		SolutionGuid = {207D3F62-90F0-428D-B9A8-E72D75A3E15A}
	EndGlobalSection
EndGlobal
